
Microsoft Visual Studio Solution File, Format Version 12.00
# Visual Studio Version 17
VisualStudioVersion = 17.14.36301.6
MinimumVisualStudioVersion = 10.0.40219.1
Project("{FAE04EC0-301F-11D3-BF4B-00C04F79EFBC}") = "Bank account manager", "Programing\Bank account manager.csproj", "{3C2B4458-3E6F-4E4B-BC78-7454318B6967}"
EndProject
Global
	GlobalSection(SolutionConfigurationPlatforms) = preSolution
		Debug|Any CPU = Debug|Any CPU
		Release|Any CPU = Release|Any CPU
	EndGlobalSection
	GlobalSection(ProjectConfigurationPlatforms) = postSolution
		{3C2B4458-3E6F-4E4B-BC78-7454318B6967}.Debug|Any CPU.ActiveCfg = Debug|Any CPU
		{3C2B4458-3E6F-4E4B-BC78-7454318B6967}.Debug|Any CPU.Build.0 = Debug|Any CPU
		{3C2B4458-3E6F-4E4B-BC78-7454318B6967}.Release|Any CPU.ActiveCfg = Release|Any CPU
		{3C2B4458-3E6F-4E4B-BC78-7454318B6967}.Release|Any CPU.Build.0 = Release|Any CPU
	EndGlobalSection
	GlobalSection(SolutionProperties) = preSolution
		HideSolutionNode = FALSE
	EndGlobalSection
	GlobalSection(ExtensibilityGlobals) = postSolution
		SolutionGuid = {28674192-E472-42D9-864B-E2DE16AD30DB}
	EndGlobalSection
EndGlobal
